{
  "name": "@skincos/identity",
  "version": "0.0.0-precut",
  "lockfileVersion": 3,
  "requires": true,
  "packages": {
    "": {
      "name": "@skincos/identity",
      "version": "0.0.0-precut",
      "dependencies": {
        "@jubenitogarcia/skincos-identity-contracts": "0.2.2"
      },
      "engines": {
        "node": ">=20.0.0"
      }
    },
    "node_modules/@jubenitogarcia/skincos-identity-contracts": {
      "version": "0.2.2",
      "resolved": "https://npm.pkg.github.com/download/@jubenitogarcia/skincos-identity-contracts/0.2.2/caacbec5a23bf0e6d3ec0195925f182d7d63f840",
      "integrity": "sha512-xktTNpG+3gMum/1wpXvQSLh+7btjntlzMISShNL3+OP8agNLO5y4X3GwAZN6UixWaH428At9ZqUnmr4Qdkbo3A==",
      "license": "UNLICENSED",
      "engines": {
        "node": ">=20.0.0"
      }
    }
  }
}
